
Microsoft Visual Studio Solution File, Format Version 12.00
# Visual Studio 14
VisualStudioVersion = 14.0.25420.1
MinimumVisualStudioVersion = 10.0.40219.1
Project("{FAE04EC0-301F-11D3-BF4B-00C04F79EFBC}") = "ServiceDesk", "ServiceDesk\ServiceDesk.csproj", "{13776A72-1B54-41B3-9480-02AC4E04598A}"
EndProject
Project("{FAE04EC0-301F-11D3-BF4B-00C04F79EFBC}") = "ServiceDesk.DAO", "ServiceDesk.DAO\ServiceDesk.DAO.csproj", "{2E2114CD-B2B6-44E9-82B6-9A2A0D241CAD}"
EndProject
Project("{FAE04EC0-301F-11D3-BF4B-00C04F79EFBC}") = "ServiceDesk.Business", "ServiceDesk.Business\ServiceDesk.Business.csproj", "{09724A99-8C7A-47F9-BAE1-032A36B86F54}"
EndProject
Project("{FAE04EC0-301F-11D3-BF4B-00C04F79EFBC}") = "ServiceDesk.MODEL", "ServiceDesk.MODEL\ServiceDesk.MODEL.csproj", "{9E8F2C2A-9BE6-4BF0-860D-2B946B4EC1B6}"
EndProject
Project("{FAE04EC0-301F-11D3-BF4B-00C04F79EFBC}") = "ServiceDeskWeb", "ServiceDeskWeb\ServiceDeskWeb.csproj", "{213EC5F6-7DAE-4CFC-BBFE-1D602887E6B5}"
EndProject
Global
	GlobalSection(SolutionConfigurationPlatforms) = preSolution
		Debug|Any CPU = Debug|Any CPU
		Release|Any CPU = Release|Any CPU
	EndGlobalSection
	GlobalSection(ProjectConfigurationPlatforms) = postSolution
		{13776A72-1B54-41B3-9480-02AC4E04598A}.Debug|Any CPU.ActiveCfg = Debug|Any CPU
		{13776A72-1B54-41B3-9480-02AC4E04598A}.Debug|Any CPU.Build.0 = Debug|Any CPU
		{13776A72-1B54-41B3-9480-02AC4E04598A}.Release|Any CPU.ActiveCfg = Release|Any CPU
		{13776A72-1B54-41B3-9480-02AC4E04598A}.Release|Any CPU.Build.0 = Release|Any CPU
		{2E2114CD-B2B6-44E9-82B6-9A2A0D241CAD}.Debug|Any CPU.ActiveCfg = Debug|Any CPU
		{2E2114CD-B2B6-44E9-82B6-9A2A0D241CAD}.Debug|Any CPU.Build.0 = Debug|Any CPU
		{2E2114CD-B2B6-44E9-82B6-9A2A0D241CAD}.Release|Any CPU.ActiveCfg = Release|Any CPU
		{2E2114CD-B2B6-44E9-82B6-9A2A0D241CAD}.Release|Any CPU.Build.0 = Release|Any CPU
		{09724A99-8C7A-47F9-BAE1-032A36B86F54}.Debug|Any CPU.ActiveCfg = Debug|Any CPU
		{09724A99-8C7A-47F9-BAE1-032A36B86F54}.Debug|Any CPU.Build.0 = Debug|Any CPU
		{09724A99-8C7A-47F9-BAE1-032A36B86F54}.Release|Any CPU.ActiveCfg = Release|Any CPU
		{09724A99-8C7A-47F9-BAE1-032A36B86F54}.Release|Any CPU.Build.0 = Release|Any CPU
		{9E8F2C2A-9BE6-4BF0-860D-2B946B4EC1B6}.Debug|Any CPU.ActiveCfg = Debug|Any CPU
		{9E8F2C2A-9BE6-4BF0-860D-2B946B4EC1B6}.Debug|Any CPU.Build.0 = Debug|Any CPU
		{9E8F2C2A-9BE6-4BF0-860D-2B946B4EC1B6}.Release|Any CPU.ActiveCfg = Release|Any CPU
		{9E8F2C2A-9BE6-4BF0-860D-2B946B4EC1B6}.Release|Any CPU.Build.0 = Release|Any CPU
		{213EC5F6-7DAE-4CFC-BBFE-1D602887E6B5}.Debug|Any CPU.ActiveCfg = Debug|Any CPU
		{213EC5F6-7DAE-4CFC-BBFE-1D602887E6B5}.Debug|Any CPU.Build.0 = Debug|Any CPU
		{213EC5F6-7DAE-4CFC-BBFE-1D602887E6B5}.Release|Any CPU.ActiveCfg = Release|Any CPU
		{213EC5F6-7DAE-4CFC-BBFE-1D602887E6B5}.Release|Any CPU.Build.0 = Release|Any CPU
	EndGlobalSection
	GlobalSection(SolutionProperties) = preSolution
		HideSolutionNode = FALSE
	EndGlobalSection
	GlobalSection(ExtensibilityGlobals) = postSolution
		SolutionGuid = {CE7AA581-A6BE-497B-A379-401BA2C50F27}
	EndGlobalSection
EndGlobal
